
Microsoft Visual Studio Solution File, Format Version 12.00
# Visual Studio 15
VisualStudioVersion = 15.0.27130.2003
MinimumVisualStudioVersion = 10.0.40219.1
Project("{8BC9CEB8-8B4A-11D0-8D11-00A0C91BC942}") = "Client", "Project Files\Client\Client.vcxproj", "{AA8A9A08-E5AE-42DF-A139-659C1441A668}"
EndProject
Project("{8BC9CEB8-8B4A-11D0-8D11-00A0C91BC942}") = "Server", "Project Files\Server\Server.vcxproj", "{1BB554F7-AC7F-407F-AF8E-6368DB05D253}"
EndProject
Global
	GlobalSection(SolutionConfigurationPlatforms) = preSolution
		Debug|x64 = Debug|x64
		Debug|x86 = Debug|x86
		Release|x64 = Release|x64
		Release|x86 = Release|x86
	EndGlobalSection
	GlobalSection(ProjectConfigurationPlatforms) = postSolution
		{AA8A9A08-E5AE-42DF-A139-659C1441A668}.Debug|x64.ActiveCfg = Debug|x64
		{AA8A9A08-E5AE-42DF-A139-659C1441A668}.Debug|x64.Build.0 = Debug|x64
		{AA8A9A08-E5AE-42DF-A139-659C1441A668}.Debug|x86.ActiveCfg = Debug|Win32
		{AA8A9A08-E5AE-42DF-A139-659C1441A668}.Debug|x86.Build.0 = Debug|Win32
		{AA8A9A08-E5AE-42DF-A139-659C1441A668}.Release|x64.ActiveCfg = Release|x64
		{AA8A9A08-E5AE-42DF-A139-659C1441A668}.Release|x64.Build.0 = Release|x64
		{AA8A9A08-E5AE-42DF-A139-659C1441A668}.Release|x86.ActiveCfg = Release|Win32
		{AA8A9A08-E5AE-42DF-A139-659C1441A668}.Release|x86.Build.0 = Release|Win32
		{1BB554F7-AC7F-407F-AF8E-6368DB05D253}.Debug|x64.ActiveCfg = Debug|x64
		{1BB554F7-AC7F-407F-AF8E-6368DB05D253}.Debug|x64.Build.0 = Debug|x64
		{1BB554F7-AC7F-407F-AF8E-6368DB05D253}.Debug|x86.ActiveCfg = Debug|Win32
		{1BB554F7-AC7F-407F-AF8E-6368DB05D253}.Debug|x86.Build.0 = Debug|Win32
		{1BB554F7-AC7F-407F-AF8E-6368DB05D253}.Release|x64.ActiveCfg = Release|x64
		{1BB554F7-AC7F-407F-AF8E-6368DB05D253}.Release|x64.Build.0 = Release|x64
		{1BB554F7-AC7F-407F-AF8E-6368DB05D253}.Release|x86.ActiveCfg = Release|Win32
		{1BB554F7-AC7F-407F-AF8E-6368DB05D253}.Release|x86.Build.0 = Release|Win32
	EndGlobalSection
	GlobalSection(SolutionProperties) = preSolution
		HideSolutionNode = FALSE
	EndGlobalSection
	GlobalSection(ExtensibilityGlobals) = postSolution
		SolutionGuid = {195197CF-C24C-4712-A10E-38F4617B7D56}
	EndGlobalSection
EndGlobal
